
Microsoft Visual Studio Solution File, Format Version 12.00
# Visual Studio 14
VisualStudioVersion = 14.0.25420.1
MinimumVisualStudioVersion = 10.0.40219.1
Project("{8BC9CEB8-8B4A-11D0-8D11-00A0C91BC942}") = "Stadium", "Stadium\Stadium.vcxproj", "{9076D637-2BA8-4126-B34A-DE25435D27C9}"
EndProject
Project("{8BC9CEB8-8B4A-11D0-8D11-00A0C91BC942}") = "FootballWoGlobal", "FootballWoGlobal\FootballWoGlobal.vcxproj", "{EF8706B6-0AD9-418F-BA9D-DD71AE156485}"
EndProject
Global
	GlobalSection(SolutionConfigurationPlatforms) = preSolution
		Debug|ARM = Debug|ARM
		Debug|x64 = Debug|x64
		Debug|x86 = Debug|x86
		Release|ARM = Release|ARM
		Release|x64 = Release|x64
		Release|x86 = Release|x86
	EndGlobalSection
	GlobalSection(ProjectConfigurationPlatforms) = postSolution
		{9076D637-2BA8-4126-B34A-DE25435D27C9}.Debug|ARM.ActiveCfg = Debug|ARM
		{9076D637-2BA8-4126-B34A-DE25435D27C9}.Debug|ARM.Build.0 = Debug|ARM
		{9076D637-2BA8-4126-B34A-DE25435D27C9}.Debug|ARM.Deploy.0 = Debug|ARM
		{9076D637-2BA8-4126-B34A-DE25435D27C9}.Debug|x64.ActiveCfg = Debug|x64
		{9076D637-2BA8-4126-B34A-DE25435D27C9}.Debug|x64.Build.0 = Debug|x64
		{9076D637-2BA8-4126-B34A-DE25435D27C9}.Debug|x64.Deploy.0 = Debug|x64
		{9076D637-2BA8-4126-B34A-DE25435D27C9}.Debug|x86.ActiveCfg = Debug|Win32
		{9076D637-2BA8-4126-B34A-DE25435D27C9}.Debug|x86.Build.0 = Debug|Win32
		{9076D637-2BA8-4126-B34A-DE25435D27C9}.Debug|x86.Deploy.0 = Debug|Win32
		{9076D637-2BA8-4126-B34A-DE25435D27C9}.Release|ARM.ActiveCfg = Release|ARM
		{9076D637-2BA8-4126-B34A-DE25435D27C9}.Release|ARM.Build.0 = Release|ARM
		{9076D637-2BA8-4126-B34A-DE25435D27C9}.Release|ARM.Deploy.0 = Release|ARM
		{9076D637-2BA8-4126-B34A-DE25435D27C9}.Release|x64.ActiveCfg = Release|x64
		{9076D637-2BA8-4126-B34A-DE25435D27C9}.Release|x64.Build.0 = Release|x64
		{9076D637-2BA8-4126-B34A-DE25435D27C9}.Release|x64.Deploy.0 = Release|x64
		{9076D637-2BA8-4126-B34A-DE25435D27C9}.Release|x86.ActiveCfg = Release|Win32
		{9076D637-2BA8-4126-B34A-DE25435D27C9}.Release|x86.Build.0 = Release|Win32
		{9076D637-2BA8-4126-B34A-DE25435D27C9}.Release|x86.Deploy.0 = Release|Win32
		{EF8706B6-0AD9-418F-BA9D-DD71AE156485}.Debug|ARM.ActiveCfg = Debug|ARM
		{EF8706B6-0AD9-418F-BA9D-DD71AE156485}.Debug|ARM.Build.0 = Debug|ARM
		{EF8706B6-0AD9-418F-BA9D-DD71AE156485}.Debug|ARM.Deploy.0 = Debug|ARM
		{EF8706B6-0AD9-418F-BA9D-DD71AE156485}.Debug|x64.ActiveCfg = Debug|x64
		{EF8706B6-0AD9-418F-BA9D-DD71AE156485}.Debug|x64.Build.0 = Debug|x64
		{EF8706B6-0AD9-418F-BA9D-DD71AE156485}.Debug|x64.Deploy.0 = Debug|x64
		{EF8706B6-0AD9-418F-BA9D-DD71AE156485}.Debug|x86.ActiveCfg = Debug|Win32
		{EF8706B6-0AD9-418F-BA9D-DD71AE156485}.Debug|x86.Build.0 = Debug|Win32
		{EF8706B6-0AD9-418F-BA9D-DD71AE156485}.Debug|x86.Deploy.0 = Debug|Win32
		{EF8706B6-0AD9-418F-BA9D-DD71AE156485}.Release|ARM.ActiveCfg = Release|ARM
		{EF8706B6-0AD9-418F-BA9D-DD71AE156485}.Release|ARM.Build.0 = Release|ARM
		{EF8706B6-0AD9-418F-BA9D-DD71AE156485}.Release|ARM.Deploy.0 = Release|ARM
		{EF8706B6-0AD9-418F-BA9D-DD71AE156485}.Release|x64.ActiveCfg = Release|x64
		{EF8706B6-0AD9-418F-BA9D-DD71AE156485}.Release|x64.Build.0 = Release|x64
		{EF8706B6-0AD9-418F-BA9D-DD71AE156485}.Release|x64.Deploy.0 = Release|x64
		{EF8706B6-0AD9-418F-BA9D-DD71AE156485}.Release|x86.ActiveCfg = Release|Win32
		{EF8706B6-0AD9-418F-BA9D-DD71AE156485}.Release|x86.Build.0 = Release|Win32
		{EF8706B6-0AD9-418F-BA9D-DD71AE156485}.Release|x86.Deploy.0 = Release|Win32
	EndGlobalSection
	GlobalSection(SolutionProperties) = preSolution
		HideSolutionNode = FALSE
	EndGlobalSection
EndGlobal
