<?xml version="1.0" encoding="utf-8"?>
<Project ToolsVersion="14.0" xmlns="http://schemas.microsoft.com/developer/msbuild/2003">
  <ItemGroup>
    <Filter Include="Common">
      <UniqueIdentifier>9076d637-2ba8-4126-b34a-de25435d27c9</UniqueIdentifier>
    </Filter>
    <Filter Include="Assets">
      <UniqueIdentifier>596014b5-e27d-49fd-8ebf-a7a3e16df1d7</UniqueIdentifier>
      <Extensions>bmp;fbx;gif;jpg;jpeg;tga;tiff;tif;png</Extensions>
    </Filter>
    <Filter Include="Humans">
      <UniqueIdentifier>{a4e43912-8c62-40c8-ab5b-f7e20dd89b48}</UniqueIdentifier>
    </Filter>
  </ItemGroup>
  <ItemGroup>
    <ApplicationDefinition Include="App.xaml" />
  </ItemGroup>
  <ItemGroup>
    <ClCompile Include="App.xaml.cpp" />
    <ClCompile Include="MainPage.xaml.cpp" />
    <ClCompile Include="pch.cpp" />
    <ClCompile Include="Ball.cpp" />
    <ClCompile Include="Field.cpp" />
    <ClCompile Include="SmartBall.cpp" />
    <ClCompile Include="Human.cpp">
      <Filter>Humans</Filter>
    </ClCompile>
    <ClCompile Include="Player.cpp">
      <Filter>Humans</Filter>
    </ClCompile>
    <ClCompile Include="Functions.cpp">
      <Filter>Common</Filter>
    </ClCompile>
    <ClCompile Include="Referee.cpp">
      <Filter>Humans</Filter>
    </ClCompile>
    <ClCompile Include="Game.cpp" />
    <ClCompile Include="Goalkeeper.cpp">
      <Filter>Humans</Filter>
    </ClCompile>
    <ClCompile Include="Forward.cpp">
      <Filter>Humans</Filter>
    </ClCompile>
    <ClCompile Include="HalfBack.cpp">
      <Filter>Humans</Filter>
    </ClCompile>
    <ClCompile Include="FullBack.cpp">
      <Filter>Humans</Filter>
    </ClCompile>
    <ClCompile Include="AssReferee.cpp">
      <Filter>Humans</Filter>
    </ClCompile>
    <ClCompile Include="Girl.cpp">
      <Filter>Humans</Filter>
    </ClCompile>
  </ItemGroup>
  <ItemGroup>
    <ClInclude Include="pch.h" />
    <ClInclude Include="App.xaml.h" />
    <ClInclude Include="MainPage.xaml.h" />
    <ClInclude Include="Ball.h" />
    <ClInclude Include="Field.h" />
    <ClInclude Include="SmartBall.h" />
    <ClInclude Include="Human.h">
      <Filter>Humans</Filter>
    </ClInclude>
    <ClInclude Include="Player.h">
      <Filter>Humans</Filter>
    </ClInclude>
    <ClInclude Include="Functions.h">
      <Filter>Common</Filter>
    </ClInclude>
    <ClInclude Include="Referee.h">
      <Filter>Humans</Filter>
    </ClInclude>
    <ClInclude Include="Game.h" />
    <ClInclude Include="Goalkeeper.h">
      <Filter>Humans</Filter>
    </ClInclude>
    <ClInclude Include="Forward.h">
      <Filter>Humans</Filter>
    </ClInclude>
    <ClInclude Include="HalfBack.h">
      <Filter>Humans</Filter>
    </ClInclude>
    <ClInclude Include="FullBack.h">
      <Filter>Humans</Filter>
    </ClInclude>
    <ClInclude Include="AssReferee.h">
      <Filter>Humans</Filter>
    </ClInclude>
    <ClInclude Include="Girl.h">
      <Filter>Humans</Filter>
    </ClInclude>
  </ItemGroup>
  <ItemGroup>
    <Image Include="Assets\LockScreenLogo.scale-200.png">
      <Filter>Assets</Filter>
    </Image>
    <Image Include="Assets\SplashScreen.scale-200.png">
      <Filter>Assets</Filter>
    </Image>
    <Image Include="Assets\Square150x150Logo.scale-200.png">
      <Filter>Assets</Filter>
    </Image>
    <Image Include="Assets\Square44x44Logo.scale-200.png">
      <Filter>Assets</Filter>
    </Image>
    <Image Include="Assets\Square44x44Logo.targetsize-24_altform-unplated.png">
      <Filter>Assets</Filter>
    </Image>
    <Image Include="Assets\StoreLogo.png">
      <Filter>Assets</Filter>
    </Image>
    <Image Include="Assets\Wide310x150Logo.scale-200.png">
      <Filter>Assets</Filter>
    </Image>
  </ItemGroup>
  <ItemGroup>
    <AppxManifest Include="Package.appxmanifest" />
  </ItemGroup>
  <ItemGroup>
    <None Include="Stadium_TemporaryKey.pfx" />
    <None Include="packages.config" />
  </ItemGroup>
  <ItemGroup>
    <Page Include="MainPage.xaml" />
  </ItemGroup>
</Project>